
Microsoft Visual Studio Solution File, Format Version 12.00
# Visual Studio Version 16
VisualStudioVersion = 16.0.32106.194
MinimumVisualStudioVersion = 10.0.40219.1
Project("{FAE04EC0-301F-11D3-BF4B-00C04F79EFBC}") = "DoctorAppointment", "DoctorAppointment.csproj", "{DF4CDA37-6C99-4392-BC2B-21F2AF7CD332}"
EndProject
Global
	GlobalSection(SolutionConfigurationPlatforms) = preSolution
		Debug|Any CPU = Debug|Any CPU
		Release|Any CPU = Release|Any CPU
	EndGlobalSection
	GlobalSection(ProjectConfigurationPlatforms) = postSolution
		{DF4CDA37-6C99-4392-BC2B-21F2AF7CD332}.Debug|Any CPU.ActiveCfg = Debug|Any CPU
		{DF4CDA37-6C99-4392-BC2B-21F2AF7CD332}.Debug|Any CPU.Build.0 = Debug|Any CPU
		{DF4CDA37-6C99-4392-BC2B-21F2AF7CD332}.Release|Any CPU.ActiveCfg = Release|Any CPU
		{DF4CDA37-6C99-4392-BC2B-21F2AF7CD332}.Release|Any CPU.Build.0 = Release|Any CPU
	EndGlobalSection
	GlobalSection(SolutionProperties) = preSolution
		HideSolutionNode = FALSE
	EndGlobalSection
	GlobalSection(ExtensibilityGlobals) = postSolution
		SolutionGuid = {7FA1CC88-DF2E-4DB7-B130-152855AA02AE}
	EndGlobalSection
EndGlobal
